Microsoft Visual Studio Solution File, Format Version 12.00
# Visual Studio Version 17
VisualStudioVersion = 17.5.2.0
MinimumVisualStudioVersion = 10.0.40219.1
Project("{FAE04EC0-301F-11D3-BF4B-00C04F79EFBC}") = "SingnalRDemo", "SingnalRDemo.csproj", "{6673621E-D1BD-D9A0-349F-F1C6C8B48552}"
EndProject
Global
	GlobalSection(SolutionConfigurationPlatforms) = preSolution
		Debug|Any CPU = Debug|Any CPU
		Release|Any CPU = Release|Any CPU
	EndGlobalSection
	GlobalSection(ProjectConfigurationPlatforms) = postSolution
		{6673621E-D1BD-D9A0-349F-F1C6C8B48552}.Debug|Any CPU.ActiveCfg = Debug|Any CPU
		{6673621E-D1BD-D9A0-349F-F1C6C8B48552}.Debug|Any CPU.Build.0 = Debug|Any CPU
		{6673621E-D1BD-D9A0-349F-F1C6C8B48552}.Release|Any CPU.ActiveCfg = Release|Any CPU
		{6673621E-D1BD-D9A0-349F-F1C6C8B48552}.Release|Any CPU.Build.0 = Release|Any CPU
	EndGlobalSection
	GlobalSection(SolutionProperties) = preSolution
		HideSolutionNode = FALSE
	EndGlobalSection
	GlobalSection(ExtensibilityGlobals) = postSolution
		SolutionGuid = {B1887EE4-E412-4013-87E5-498FC3B1EEF9}
	EndGlobalSection
EndGlobal
